
Microsoft Visual Studio Solution File, Format Version 12.00
# Visual Studio Version 16
VisualStudioVersion = 16.0.28407.52
MinimumVisualStudioVersion = 10.0.40219.1
Project("{FAE04EC0-301F-11D3-BF4B-00C04F79EFBC}") = "Pizza.Entidades", "Pizza.Entidades\Pizza.Entidades.csproj", "{0BD4AC77-6534-44A9-9941-59B90DF8D320}"
EndProject
Project("{FAE04EC0-301F-11D3-BF4B-00C04F79EFBC}") = "Pizza.Datos", "Pizza.Datos\Pizza.Datos.csproj", "{17A5E869-18A1-488F-A1F2-6301CDB41DE0}"
EndProject
Project("{FAE04EC0-301F-11D3-BF4B-00C04F79EFBC}") = "Pizza.Web", "Pizza.Web\Pizza.Web.csproj", "{0ECCDC8E-E014-4331-BF89-1A0034C45962}"
EndProject
Global
	GlobalSection(SolutionConfigurationPlatforms) = preSolution
		Debug|Any CPU = Debug|Any CPU
		Release|Any CPU = Release|Any CPU
	EndGlobalSection
	GlobalSection(ProjectConfigurationPlatforms) = postSolution
		{0BD4AC77-6534-44A9-9941-59B90DF8D320}.Debug|Any CPU.ActiveCfg = Debug|Any CPU
		{0BD4AC77-6534-44A9-9941-59B90DF8D320}.Debug|Any CPU.Build.0 = Debug|Any CPU
		{0BD4AC77-6534-44A9-9941-59B90DF8D320}.Release|Any CPU.ActiveCfg = Release|Any CPU
		{0BD4AC77-6534-44A9-9941-59B90DF8D320}.Release|Any CPU.Build.0 = Release|Any CPU
		{17A5E869-18A1-488F-A1F2-6301CDB41DE0}.Debug|Any CPU.ActiveCfg = Debug|Any CPU
		{17A5E869-18A1-488F-A1F2-6301CDB41DE0}.Debug|Any CPU.Build.0 = Debug|Any CPU
		{17A5E869-18A1-488F-A1F2-6301CDB41DE0}.Release|Any CPU.ActiveCfg = Release|Any CPU
		{17A5E869-18A1-488F-A1F2-6301CDB41DE0}.Release|Any CPU.Build.0 = Release|Any CPU
		{0ECCDC8E-E014-4331-BF89-1A0034C45962}.Debug|Any CPU.ActiveCfg = Debug|Any CPU
		{0ECCDC8E-E014-4331-BF89-1A0034C45962}.Debug|Any CPU.Build.0 = Debug|Any CPU
		{0ECCDC8E-E014-4331-BF89-1A0034C45962}.Release|Any CPU.ActiveCfg = Release|Any CPU
		{0ECCDC8E-E014-4331-BF89-1A0034C45962}.Release|Any CPU.Build.0 = Release|Any CPU
	EndGlobalSection
	GlobalSection(SolutionProperties) = preSolution
		HideSolutionNode = FALSE
	EndGlobalSection
	GlobalSection(ExtensibilityGlobals) = postSolution
		SolutionGuid = {AEF2E7DB-A8DA-47F7-91EF-6631479E22FC}
	EndGlobalSection
EndGlobal
