
Microsoft Visual Studio Solution File, Format Version 12.00
# Visual Studio 15
VisualStudioVersion = 15.0.28307.106
MinimumVisualStudioVersion = 10.0.40219.1
Project("{FAE04EC0-301F-11D3-BF4B-00C04F79EFBC}") = "Sistema.Entidades", "Sistemas.Entidades\Sistema.Entidades.csproj", "{FC69C006-EFB7-41AD-A8F1-59A4FC63DAB5}"
EndProject
Project("{FAE04EC0-301F-11D3-BF4B-00C04F79EFBC}") = "Sistema.Datos", "Sistemas.Datos\Sistema.Datos.csproj", "{235C6409-C70C-419A-B551-B3BC050D1986}"
EndProject
Project("{FAE04EC0-301F-11D3-BF4B-00C04F79EFBC}") = "Sistema.Web", "Sistema.Web\Sistema.Web.csproj", "{6C3372E2-3815-4C38-9C1C-1C2DE0EAB6DB}"
EndProject
Global
	GlobalSection(SolutionConfigurationPlatforms) = preSolution
		Debug|Any CPU = Debug|Any CPU
		Release|Any CPU = Release|Any CPU
	EndGlobalSection
	GlobalSection(ProjectConfigurationPlatforms) = postSolution
		{FC69C006-EFB7-41AD-A8F1-59A4FC63DAB5}.Debug|Any CPU.ActiveCfg = Debug|Any CPU
		{FC69C006-EFB7-41AD-A8F1-59A4FC63DAB5}.Debug|Any CPU.Build.0 = Debug|Any CPU
		{FC69C006-EFB7-41AD-A8F1-59A4FC63DAB5}.Release|Any CPU.ActiveCfg = Release|Any CPU
		{FC69C006-EFB7-41AD-A8F1-59A4FC63DAB5}.Release|Any CPU.Build.0 = Release|Any CPU
		{235C6409-C70C-419A-B551-B3BC050D1986}.Debug|Any CPU.ActiveCfg = Debug|Any CPU
		{235C6409-C70C-419A-B551-B3BC050D1986}.Debug|Any CPU.Build.0 = Debug|Any CPU
		{235C6409-C70C-419A-B551-B3BC050D1986}.Release|Any CPU.ActiveCfg = Release|Any CPU
		{235C6409-C70C-419A-B551-B3BC050D1986}.Release|Any CPU.Build.0 = Release|Any CPU
		{6C3372E2-3815-4C38-9C1C-1C2DE0EAB6DB}.Debug|Any CPU.ActiveCfg = Debug|Any CPU
		{6C3372E2-3815-4C38-9C1C-1C2DE0EAB6DB}.Debug|Any CPU.Build.0 = Debug|Any CPU
		{6C3372E2-3815-4C38-9C1C-1C2DE0EAB6DB}.Release|Any CPU.ActiveCfg = Release|Any CPU
		{6C3372E2-3815-4C38-9C1C-1C2DE0EAB6DB}.Release|Any CPU.Build.0 = Release|Any CPU
	EndGlobalSection
	GlobalSection(SolutionProperties) = preSolution
		HideSolutionNode = FALSE
	EndGlobalSection
	GlobalSection(ExtensibilityGlobals) = postSolution
		SolutionGuid = {B1551B43-8E45-424C-B58B-A4D203941C76}
	EndGlobalSection
EndGlobal
